
Microsoft Visual Studio Solution File, Format Version 12.00
# Visual Studio 15
VisualStudioVersion = 15.0.27130.2024
MinimumVisualStudioVersion = 10.0.40219.1
Project("{FAE04EC0-301F-11D3-BF4B-00C04F79EFBC}") = "Common", "Common\Common.csproj", "{85B54869-4349-4C35-AA1B-6FECCD8A8C90}"
EndProject
Project("{FAE04EC0-301F-11D3-BF4B-00C04F79EFBC}") = "DalMain", "DalMain\DalMain.csproj", "{7394948F-9DDD-4185-8F3A-378C357CFCF1}"
EndProject
Project("{FAE04EC0-301F-11D3-BF4B-00C04F79EFBC}") = "Test", "Test\Test.csproj", "{2D607EE6-4B74-4880-9352-38E26B320D27}"
EndProject
Project("{2150E333-8FDC-42A3-9474-1A3956D46DE8}") = "WebApi", "WebApi", "{E7ADF671-E069-4500-98FE-89CFF1CD9C14}"
EndProject
Project("{2150E333-8FDC-42A3-9474-1A3956D46DE8}") = "Server", "Server", "{B5B856B6-33B9-4486-86A9-46F67FCBCA3A}"
EndProject
Project("{2150E333-8FDC-42A3-9474-1A3956D46DE8}") = "Client", "Client", "{A77BF79F-80F4-482A-A688-9B96ACBDA4F9}"
EndProject
Project("{FAE04EC0-301F-11D3-BF4B-00C04F79EFBC}") = "BlWebApiCRM", "BlWebApiCRM\BlWebApiCRM.csproj", "{E8674A27-FEC3-4707-B0F5-078DE57255C9}"
EndProject
Project("{2150E333-8FDC-42A3-9474-1A3956D46DE8}") = "BL", "BL", "{A27A55F0-242C-4F0E-A52C-5B365B19DBAF}"
EndProject
Project("{FAE04EC0-301F-11D3-BF4B-00C04F79EFBC}") = "BlCRM", "BlCRM\BlCRM.csproj", "{F911D033-99DC-4BB2-BCB2-29F536D5E014}"
EndProject
Project("{FAE04EC0-301F-11D3-BF4B-00C04F79EFBC}") = "BlInvoice", "BlInvoice\BlInvoice.csproj", "{FA2E4E92-44A7-42A7-BB2E-F07805EE84E5}"
EndProject
Project("{FAE04EC0-301F-11D3-BF4B-00C04F79EFBC}") = "BlOptimalPackage", "BlOptimalPackage\BlOptimalPackage.csproj", "{7ED78D1B-0904-4D88-B88E-184C7AFB0B49}"
EndProject
Project("{FAE04EC0-301F-11D3-BF4B-00C04F79EFBC}") = "BlReportsEngine", "BlReportsEngine\BlReportsEngine.csproj", "{D814E599-79D4-4060-B067-BA0D5DA80D7C}"
EndProject
Project("{FAE04EC0-301F-11D3-BF4B-00C04F79EFBC}") = "BlSimulator", "BlSimulator\BlSimulator.csproj", "{00F55159-7B0E-4EDA-8A37-BFDE7319FC61}"
EndProject
Project("{FAE04EC0-301F-11D3-BF4B-00C04F79EFBC}") = "BlLogin", "BlLogin\BlLogin.csproj", "{6A93C894-C6D1-41B2-8226-8FD106696F93}"
EndProject
Project("{FAE04EC0-301F-11D3-BF4B-00C04F79EFBC}") = "BLExceptionLib", "BLExceptionLib\BLExceptionLib.csproj", "{2264D913-2056-499F-97EC-B5FC343F6A22}"
EndProject
Project("{FAE04EC0-301F-11D3-BF4B-00C04F79EFBC}") = "BlBaseClassesLib", "BlBaseClassesLib\BlBaseClassesLib.csproj", "{F168497C-616D-4278-A7FD-C4BC5A92FC91}"
EndProject
Project("{FAE04EC0-301F-11D3-BF4B-00C04F79EFBC}") = "Utils", "Utils\Utils.csproj", "{87DC2552-4796-48B5-B38A-B3D5F85FCF05}"
EndProject
Project("{FAE04EC0-301F-11D3-BF4B-00C04F79EFBC}") = "ServerUnitTests", "ServerUnitTests\ServerUnitTests.csproj", "{EED02EE6-EFFF-4967-8AF6-EB145B1D4D93}"
EndProject
Project("{FAE04EC0-301F-11D3-BF4B-00C04F79EFBC}") = "SimulatorToDB", "SimulatorToDB\SimulatorToDB.csproj", "{11056633-4D47-434F-80B1-51C60E26C117}"
EndProject
Global
	GlobalSection(SolutionConfigurationPlatforms) = preSolution
		Debug|Any CPU = Debug|Any CPU
		Release|Any CPU = Release|Any CPU
	EndGlobalSection
	GlobalSection(ProjectConfigurationPlatforms) = postSolution
		{85B54869-4349-4C35-AA1B-6FECCD8A8C90}.Debug|Any CPU.ActiveCfg = Debug|Any CPU
		{85B54869-4349-4C35-AA1B-6FECCD8A8C90}.Debug|Any CPU.Build.0 = Debug|Any CPU
		{85B54869-4349-4C35-AA1B-6FECCD8A8C90}.Release|Any CPU.ActiveCfg = Release|Any CPU
		{85B54869-4349-4C35-AA1B-6FECCD8A8C90}.Release|Any CPU.Build.0 = Release|Any CPU
		{7394948F-9DDD-4185-8F3A-378C357CFCF1}.Debug|Any CPU.ActiveCfg = Debug|Any CPU
		{7394948F-9DDD-4185-8F3A-378C357CFCF1}.Debug|Any CPU.Build.0 = Debug|Any CPU
		{7394948F-9DDD-4185-8F3A-378C357CFCF1}.Release|Any CPU.ActiveCfg = Release|Any CPU
		{7394948F-9DDD-4185-8F3A-378C357CFCF1}.Release|Any CPU.Build.0 = Release|Any CPU
		{2D607EE6-4B74-4880-9352-38E26B320D27}.Debug|Any CPU.ActiveCfg = Debug|Any CPU
		{2D607EE6-4B74-4880-9352-38E26B320D27}.Debug|Any CPU.Build.0 = Debug|Any CPU
		{2D607EE6-4B74-4880-9352-38E26B320D27}.Release|Any CPU.ActiveCfg = Release|Any CPU
		{2D607EE6-4B74-4880-9352-38E26B320D27}.Release|Any CPU.Build.0 = Release|Any CPU
		{E8674A27-FEC3-4707-B0F5-078DE57255C9}.Debug|Any CPU.ActiveCfg = Debug|Any CPU
		{E8674A27-FEC3-4707-B0F5-078DE57255C9}.Debug|Any CPU.Build.0 = Debug|Any CPU
		{E8674A27-FEC3-4707-B0F5-078DE57255C9}.Release|Any CPU.ActiveCfg = Release|Any CPU
		{E8674A27-FEC3-4707-B0F5-078DE57255C9}.Release|Any CPU.Build.0 = Release|Any CPU
		{F911D033-99DC-4BB2-BCB2-29F536D5E014}.Debug|Any CPU.ActiveCfg = Debug|Any CPU
		{F911D033-99DC-4BB2-BCB2-29F536D5E014}.Debug|Any CPU.Build.0 = Debug|Any CPU
		{F911D033-99DC-4BB2-BCB2-29F536D5E014}.Release|Any CPU.ActiveCfg = Release|Any CPU
		{F911D033-99DC-4BB2-BCB2-29F536D5E014}.Release|Any CPU.Build.0 = Release|Any CPU
		{FA2E4E92-44A7-42A7-BB2E-F07805EE84E5}.Debug|Any CPU.ActiveCfg = Debug|Any CPU
		{FA2E4E92-44A7-42A7-BB2E-F07805EE84E5}.Debug|Any CPU.Build.0 = Debug|Any CPU
		{FA2E4E92-44A7-42A7-BB2E-F07805EE84E5}.Release|Any CPU.ActiveCfg = Release|Any CPU
		{FA2E4E92-44A7-42A7-BB2E-F07805EE84E5}.Release|Any CPU.Build.0 = Release|Any CPU
		{7ED78D1B-0904-4D88-B88E-184C7AFB0B49}.Debug|Any CPU.ActiveCfg = Debug|Any CPU
		{7ED78D1B-0904-4D88-B88E-184C7AFB0B49}.Debug|Any CPU.Build.0 = Debug|Any CPU
		{7ED78D1B-0904-4D88-B88E-184C7AFB0B49}.Release|Any CPU.ActiveCfg = Release|Any CPU
		{7ED78D1B-0904-4D88-B88E-184C7AFB0B49}.Release|Any CPU.Build.0 = Release|Any CPU
		{D814E599-79D4-4060-B067-BA0D5DA80D7C}.Debug|Any CPU.ActiveCfg = Debug|Any CPU
		{D814E599-79D4-4060-B067-BA0D5DA80D7C}.Debug|Any CPU.Build.0 = Debug|Any CPU
		{D814E599-79D4-4060-B067-BA0D5DA80D7C}.Release|Any CPU.ActiveCfg = Release|Any CPU
		{D814E599-79D4-4060-B067-BA0D5DA80D7C}.Release|Any CPU.Build.0 = Release|Any CPU
		{00F55159-7B0E-4EDA-8A37-BFDE7319FC61}.Debug|Any CPU.ActiveCfg = Debug|Any CPU
		{00F55159-7B0E-4EDA-8A37-BFDE7319FC61}.Debug|Any CPU.Build.0 = Debug|Any CPU
		{00F55159-7B0E-4EDA-8A37-BFDE7319FC61}.Release|Any CPU.ActiveCfg = Release|Any CPU
		{00F55159-7B0E-4EDA-8A37-BFDE7319FC61}.Release|Any CPU.Build.0 = Release|Any CPU
		{6A93C894-C6D1-41B2-8226-8FD106696F93}.Debug|Any CPU.ActiveCfg = Debug|Any CPU
		{6A93C894-C6D1-41B2-8226-8FD106696F93}.Debug|Any CPU.Build.0 = Debug|Any CPU
		{6A93C894-C6D1-41B2-8226-8FD106696F93}.Release|Any CPU.ActiveCfg = Release|Any CPU
		{6A93C894-C6D1-41B2-8226-8FD106696F93}.Release|Any CPU.Build.0 = Release|Any CPU
		{2264D913-2056-499F-97EC-B5FC343F6A22}.Debug|Any CPU.ActiveCfg = Debug|Any CPU
		{2264D913-2056-499F-97EC-B5FC343F6A22}.Debug|Any CPU.Build.0 = Debug|Any CPU
		{2264D913-2056-499F-97EC-B5FC343F6A22}.Release|Any CPU.ActiveCfg = Release|Any CPU
		{2264D913-2056-499F-97EC-B5FC343F6A22}.Release|Any CPU.Build.0 = Release|Any CPU
		{F168497C-616D-4278-A7FD-C4BC5A92FC91}.Debug|Any CPU.ActiveCfg = Debug|Any CPU
		{F168497C-616D-4278-A7FD-C4BC5A92FC91}.Debug|Any CPU.Build.0 = Debug|Any CPU
		{F168497C-616D-4278-A7FD-C4BC5A92FC91}.Release|Any CPU.ActiveCfg = Release|Any CPU
		{F168497C-616D-4278-A7FD-C4BC5A92FC91}.Release|Any CPU.Build.0 = Release|Any CPU
		{87DC2552-4796-48B5-B38A-B3D5F85FCF05}.Debug|Any CPU.ActiveCfg = Debug|Any CPU
		{87DC2552-4796-48B5-B38A-B3D5F85FCF05}.Debug|Any CPU.Build.0 = Debug|Any CPU
		{87DC2552-4796-48B5-B38A-B3D5F85FCF05}.Release|Any CPU.ActiveCfg = Release|Any CPU
		{87DC2552-4796-48B5-B38A-B3D5F85FCF05}.Release|Any CPU.Build.0 = Release|Any CPU
		{EED02EE6-EFFF-4967-8AF6-EB145B1D4D93}.Debug|Any CPU.ActiveCfg = Debug|Any CPU
		{EED02EE6-EFFF-4967-8AF6-EB145B1D4D93}.Debug|Any CPU.Build.0 = Debug|Any CPU
		{EED02EE6-EFFF-4967-8AF6-EB145B1D4D93}.Release|Any CPU.ActiveCfg = Release|Any CPU
		{EED02EE6-EFFF-4967-8AF6-EB145B1D4D93}.Release|Any CPU.Build.0 = Release|Any CPU
		{11056633-4D47-434F-80B1-51C60E26C117}.Debug|Any CPU.ActiveCfg = Debug|Any CPU
		{11056633-4D47-434F-80B1-51C60E26C117}.Debug|Any CPU.Build.0 = Debug|Any CPU
		{11056633-4D47-434F-80B1-51C60E26C117}.Release|Any CPU.ActiveCfg = Release|Any CPU
		{11056633-4D47-434F-80B1-51C60E26C117}.Release|Any CPU.Build.0 = Release|Any CPU
	EndGlobalSection
	GlobalSection(SolutionProperties) = preSolution
		HideSolutionNode = FALSE
	EndGlobalSection
	GlobalSection(NestedProjects) = preSolution
		{7394948F-9DDD-4185-8F3A-378C357CFCF1} = {B5B856B6-33B9-4486-86A9-46F67FCBCA3A}
		{E7ADF671-E069-4500-98FE-89CFF1CD9C14} = {B5B856B6-33B9-4486-86A9-46F67FCBCA3A}
		{E8674A27-FEC3-4707-B0F5-078DE57255C9} = {E7ADF671-E069-4500-98FE-89CFF1CD9C14}
		{A27A55F0-242C-4F0E-A52C-5B365B19DBAF} = {B5B856B6-33B9-4486-86A9-46F67FCBCA3A}
		{F911D033-99DC-4BB2-BCB2-29F536D5E014} = {A27A55F0-242C-4F0E-A52C-5B365B19DBAF}
		{FA2E4E92-44A7-42A7-BB2E-F07805EE84E5} = {A27A55F0-242C-4F0E-A52C-5B365B19DBAF}
		{7ED78D1B-0904-4D88-B88E-184C7AFB0B49} = {A27A55F0-242C-4F0E-A52C-5B365B19DBAF}
		{D814E599-79D4-4060-B067-BA0D5DA80D7C} = {A27A55F0-242C-4F0E-A52C-5B365B19DBAF}
		{00F55159-7B0E-4EDA-8A37-BFDE7319FC61} = {A27A55F0-242C-4F0E-A52C-5B365B19DBAF}
		{6A93C894-C6D1-41B2-8226-8FD106696F93} = {A27A55F0-242C-4F0E-A52C-5B365B19DBAF}
		{2264D913-2056-499F-97EC-B5FC343F6A22} = {A27A55F0-242C-4F0E-A52C-5B365B19DBAF}
		{F168497C-616D-4278-A7FD-C4BC5A92FC91} = {A27A55F0-242C-4F0E-A52C-5B365B19DBAF}
		{87DC2552-4796-48B5-B38A-B3D5F85FCF05} = {B5B856B6-33B9-4486-86A9-46F67FCBCA3A}
		{EED02EE6-EFFF-4967-8AF6-EB145B1D4D93} = {B5B856B6-33B9-4486-86A9-46F67FCBCA3A}
	EndGlobalSection
	GlobalSection(ExtensibilityGlobals) = postSolution
		SolutionGuid = {EF2BAE9F-3913-4AC4-B10D-81BA94A8E4A4}
	EndGlobalSection
EndGlobal
